
Microsoft Visual Studio Solution File, Format Version 12.00
# Visual Studio Version 16
VisualStudioVersion = 16.0.31313.79
MinimumVisualStudioVersion = 10.0.40219.1
Project("{FAE04EC0-301F-11D3-BF4B-00C04F79EFBC}") = "Conglomo.Confessions.Indexer", "Conglomo.Confessions.Indexer.csproj", "{4DD23443-1A31-4702-BBF6-419A4E39EE73}"
EndProject
Project("{2150E333-8FDC-42A3-9474-1A3956D46DE8}") = "Solution Items", "Solution Items", "{20FC1A4F-79A2-406A-A514-40C0DD471A5B}"
	ProjectSection(SolutionItems) = preProject
		.editorconfig = .editorconfig
	EndProjectSection
EndProject
Global
	GlobalSection(SolutionConfigurationPlatforms) = preSolution
		Debug|Any CPU = Debug|Any CPU
		Release|Any CPU = Release|Any CPU
	EndGlobalSection
	GlobalSection(ProjectConfigurationPlatforms) = postSolution
		{4DD23443-1A31-4702-BBF6-419A4E39EE73}.Debug|Any CPU.ActiveCfg = Debug|Any CPU
		{4DD23443-1A31-4702-BBF6-419A4E39EE73}.Debug|Any CPU.Build.0 = Debug|Any CPU
		{4DD23443-1A31-4702-BBF6-419A4E39EE73}.Release|Any CPU.ActiveCfg = Release|Any CPU
		{4DD23443-1A31-4702-BBF6-419A4E39EE73}.Release|Any CPU.Build.0 = Release|Any CPU
	EndGlobalSection
	GlobalSection(SolutionProperties) = preSolution
		HideSolutionNode = FALSE
	EndGlobalSection
	GlobalSection(ExtensibilityGlobals) = postSolution
		SolutionGuid = {4911B66E-12F9-4277-9E7E-3422B1AC009F}
	EndGlobalSection
EndGlobal
